
Microsoft Visual Studio Solution File, Format Version 12.00
# Visual Studio Version 17
VisualStudioVersion = 17.2.32526.322
MinimumVisualStudioVersion = 10.0.40219.1
Project("{9A19103F-16F7-4668-BE54-9A1E7A4F7556}") = "BookStore", "BookStore\BookStore.csproj", "{CE6F3CC4-CE47-486E-BED4-687A175E4E32}"
EndProject
Project("{9A19103F-16F7-4668-BE54-9A1E7A4F7556}") = "BookStore.Tests", "BookStore.Tests\BookStore.Tests.csproj", "{AA96DCC1-4F03-42C1-B43A-DCD1249A592C}"
EndProject
Global
	GlobalSection(SolutionConfigurationPlatforms) = preSolution
		Debug|Any CPU = Debug|Any CPU
		Release|Any CPU = Release|Any CPU
	EndGlobalSection
	GlobalSection(ProjectConfigurationPlatforms) = postSolution
		{CE6F3CC4-CE47-486E-BED4-687A175E4E32}.Debug|Any CPU.ActiveCfg = Debug|Any CPU
		{CE6F3CC4-CE47-486E-BED4-687A175E4E32}.Debug|Any CPU.Build.0 = Debug|Any CPU
		{CE6F3CC4-CE47-486E-BED4-687A175E4E32}.Release|Any CPU.ActiveCfg = Release|Any CPU
		{CE6F3CC4-CE47-486E-BED4-687A175E4E32}.Release|Any CPU.Build.0 = Release|Any CPU
		{AA96DCC1-4F03-42C1-B43A-DCD1249A592C}.Debug|Any CPU.ActiveCfg = Debug|Any CPU
		{AA96DCC1-4F03-42C1-B43A-DCD1249A592C}.Debug|Any CPU.Build.0 = Debug|Any CPU
		{AA96DCC1-4F03-42C1-B43A-DCD1249A592C}.Release|Any CPU.ActiveCfg = Release|Any CPU
		{AA96DCC1-4F03-42C1-B43A-DCD1249A592C}.Release|Any CPU.Build.0 = Release|Any CPU
	EndGlobalSection
	GlobalSection(SolutionProperties) = preSolution
		HideSolutionNode = FALSE
	EndGlobalSection
	GlobalSection(ExtensibilityGlobals) = postSolution
		SolutionGuid = {CFCD677B-3610-4982-971C-AAE009747E78}
	EndGlobalSection
EndGlobal
